
Microsoft Visual Studio Solution File, Format Version 12.00
# Visual Studio 15
VisualStudioVersion = 15.0.27703.2042
MinimumVisualStudioVersion = 10.0.40219.1
Project("{FAE04EC0-301F-11D3-BF4B-00C04F79EFBC}") = "Challenge2", "ConsoleApp2\Challenge2.csproj", "{C9323603-E6B8-494F-8316-0EFF47BE4F7F}"
EndProject
Global
	GlobalSection(SolutionConfigurationPlatforms) = preSolution
		Debug|Any CPU = Debug|Any CPU
		Release|Any CPU = Release|Any CPU
	EndGlobalSection
	GlobalSection(ProjectConfigurationPlatforms) = postSolution
		{C9323603-E6B8-494F-8316-0EFF47BE4F7F}.Debug|Any CPU.ActiveCfg = Debug|Any CPU
		{C9323603-E6B8-494F-8316-0EFF47BE4F7F}.Debug|Any CPU.Build.0 = Debug|Any CPU
		{C9323603-E6B8-494F-8316-0EFF47BE4F7F}.Release|Any CPU.ActiveCfg = Release|Any CPU
		{C9323603-E6B8-494F-8316-0EFF47BE4F7F}.Release|Any CPU.Build.0 = Release|Any CPU
	EndGlobalSection
	GlobalSection(SolutionProperties) = preSolution
		HideSolutionNode = FALSE
	EndGlobalSection
	GlobalSection(ExtensibilityGlobals) = postSolution
		SolutionGuid = {5FEDE590-4EA5-4D3A-9D62-AEF76AD8F688}
	EndGlobalSection
EndGlobal
